
Microsoft Visual Studio Solution File, Format Version 12.00
# Visual Studio Version 17
VisualStudioVersion = 17.4.33205.214
MinimumVisualStudioVersion = 10.0.40219.1
Project("{FAE04EC0-301F-11D3-BF4B-00C04F79EFBC}") = "CrudUdemy", "CrudUdemy\CrudUdemy.csproj", "{2045C110-75E5-4443-BC03-9CC2441F754C}"
EndProject
Global
	GlobalSection(SolutionConfigurationPlatforms) = preSolution
		Debug|Any CPU = Debug|Any CPU
		Release|Any CPU = Release|Any CPU
	EndGlobalSection
	GlobalSection(ProjectConfigurationPlatforms) = postSolution
		{2045C110-75E5-4443-BC03-9CC2441F754C}.Debug|Any CPU.ActiveCfg = Debug|Any CPU
		{2045C110-75E5-4443-BC03-9CC2441F754C}.Debug|Any CPU.Build.0 = Debug|Any CPU
		{2045C110-75E5-4443-BC03-9CC2441F754C}.Release|Any CPU.ActiveCfg = Release|Any CPU
		{2045C110-75E5-4443-BC03-9CC2441F754C}.Release|Any CPU.Build.0 = Release|Any CPU
	EndGlobalSection
	GlobalSection(SolutionProperties) = preSolution
		HideSolutionNode = FALSE
	EndGlobalSection
	GlobalSection(ExtensibilityGlobals) = postSolution
		SolutionGuid = {0D08A503-9FE7-47D1-AB49-EB5FFAFBF4D1}
	EndGlobalSection
EndGlobal
